{
  "requires": true,
  "lockfileVersion": 1,
  "dependencies": {
    "react-atv-parallax": {
      "version": "1.0.2",
      "resolved": "https://registry.npmjs.org/react-atv-parallax/-/react-atv-parallax-1.0.2.tgz",
      "integrity": "sha512-r+8IOl/iM+hbl74j2Og7YNQQw8QxUgYbzAnpQ1yjEnT5uj0ss0RNC7yUv1+2gBaex21BN5ZVz9HT0doD9qgb2A=="
    }
  }
}
